
Microsoft Visual Studio Solution File, Format Version 12.00
# Visual Studio Version 16
VisualStudioVersion = 16.0.30914.41
MinimumVisualStudioVersion = 10.0.40219.1
Project("{FAE04EC0-301F-11D3-BF4B-00C04F79EFBC}") = "ManejoArchivos", "ManejoArchivos\ManejoArchivos.csproj", "{249A54F0-890F-4D04-B481-918694281E35}"
EndProject
Global
	GlobalSection(SolutionConfigurationPlatforms) = preSolution
		Debug|Any CPU = Debug|Any CPU
		Release|Any CPU = Release|Any CPU
	EndGlobalSection
	GlobalSection(ProjectConfigurationPlatforms) = postSolution
		{249A54F0-890F-4D04-B481-918694281E35}.Debug|Any CPU.ActiveCfg = Debug|Any CPU
		{249A54F0-890F-4D04-B481-918694281E35}.Debug|Any CPU.Build.0 = Debug|Any CPU
		{249A54F0-890F-4D04-B481-918694281E35}.Release|Any CPU.ActiveCfg = Release|Any CPU
		{249A54F0-890F-4D04-B481-918694281E35}.Release|Any CPU.Build.0 = Release|Any CPU
	EndGlobalSection
	GlobalSection(SolutionProperties) = preSolution
		HideSolutionNode = FALSE
	EndGlobalSection
	GlobalSection(ExtensibilityGlobals) = postSolution
		SolutionGuid = {89B3BA17-DFAF-4D98-A636-8F93B9A9E9BC}
	EndGlobalSection
EndGlobal
